
Microsoft Visual Studio Solution File, Format Version 12.00
# Visual Studio Version 16
VisualStudioVersion = 16.0.30907.101
MinimumVisualStudioVersion = 10.0.40219.1
Project("{FAE04EC0-301F-11D3-BF4B-00C04F79EFBC}") = "EFPart1", "EFPart1\EFPart1.csproj", "{13A57373-F300-4ADC-85C8-9B9941BE50AB}"
EndProject
Global
	GlobalSection(SolutionConfigurationPlatforms) = preSolution
		Debug|Any CPU = Debug|Any CPU
		Release|Any CPU = Release|Any CPU
	EndGlobalSection
	GlobalSection(ProjectConfigurationPlatforms) = postSolution
		{13A57373-F300-4ADC-85C8-9B9941BE50AB}.Debug|Any CPU.ActiveCfg = Debug|Any CPU
		{13A57373-F300-4ADC-85C8-9B9941BE50AB}.Debug|Any CPU.Build.0 = Debug|Any CPU
		{13A57373-F300-4ADC-85C8-9B9941BE50AB}.Release|Any CPU.ActiveCfg = Release|Any CPU
		{13A57373-F300-4ADC-85C8-9B9941BE50AB}.Release|Any CPU.Build.0 = Release|Any CPU
	EndGlobalSection
	GlobalSection(SolutionProperties) = preSolution
		HideSolutionNode = FALSE
	EndGlobalSection
	GlobalSection(ExtensibilityGlobals) = postSolution
		SolutionGuid = {C7FFA00B-AC21-4742-A220-56DAC2A30A0D}
	EndGlobalSection
EndGlobal
